
Microsoft Visual Studio Solution File, Format Version 12.00
# Visual Studio Version 17
VisualStudioVersion = 17.2.32526.322
MinimumVisualStudioVersion = 10.0.40219.1
Project("{FAE04EC0-301F-11D3-BF4B-00C04F79EFBC}") = "SanBot.Core", "SanBot.Core\SanBot.Core.csproj", "{1BAB47D4-4742-4608-9E3F-E23FF12EEC12}"
EndProject
Global
	GlobalSection(SolutionConfigurationPlatforms) = preSolution
		Debug|Any CPU = Debug|Any CPU
		Release|Any CPU = Release|Any CPU
	EndGlobalSection
	GlobalSection(ProjectConfigurationPlatforms) = postSolution
		{1BAB47D4-4742-4608-9E3F-E23FF12EEC12}.Debug|Any CPU.ActiveCfg = Debug|Any CPU
		{1BAB47D4-4742-4608-9E3F-E23FF12EEC12}.Debug|Any CPU.Build.0 = Debug|Any CPU
		{1BAB47D4-4742-4608-9E3F-E23FF12EEC12}.Release|Any CPU.ActiveCfg = Release|Any CPU
		{1BAB47D4-4742-4608-9E3F-E23FF12EEC12}.Release|Any CPU.Build.0 = Release|Any CPU
	EndGlobalSection
	GlobalSection(SolutionProperties) = preSolution
		HideSolutionNode = FALSE
	EndGlobalSection
	GlobalSection(ExtensibilityGlobals) = postSolution
		SolutionGuid = {8F3560C7-BE1D-4E90-AA9C-78F943428FE2}
	EndGlobalSection
EndGlobal
